
Microsoft Visual Studio Solution File, Format Version 12.00
# Visual Studio Version 16
VisualStudioVersion = 16.0.31019.35
MinimumVisualStudioVersion = 10.0.40219.1
Project("{FAE04EC0-301F-11D3-BF4B-00C04F79EFBC}") = "Client", "Client\Client.csproj", "{DB28C6E6-50C1-423D-B2FF-4C9A255CC770}"
EndProject
Project("{FAE04EC0-301F-11D3-BF4B-00C04F79EFBC}") = "Persistence", "Persistence\Persistence.csproj", "{65E8AC5C-4F4D-4E2E-A159-AF03C6BE3C6B}"
EndProject
Project("{FAE04EC0-301F-11D3-BF4B-00C04F79EFBC}") = "ServerAPI", "ServerAPI\ServerAPI.csproj", "{7B3BA3B9-861F-4F78-BAEB-988C55607C77}"
EndProject
Project("{FAE04EC0-301F-11D3-BF4B-00C04F79EFBC}") = "Common", "Common\Common.csproj", "{9B506801-7D25-4D6D-B192-8899B1322085}"
EndProject
Global
	GlobalSection(SolutionConfigurationPlatforms) = preSolution
		Debug|Any CPU = Debug|Any CPU
		Release|Any CPU = Release|Any CPU
	EndGlobalSection
	GlobalSection(ProjectConfigurationPlatforms) = postSolution
		{DB28C6E6-50C1-423D-B2FF-4C9A255CC770}.Debug|Any CPU.ActiveCfg = Debug|Any CPU
		{DB28C6E6-50C1-423D-B2FF-4C9A255CC770}.Debug|Any CPU.Build.0 = Debug|Any CPU
		{DB28C6E6-50C1-423D-B2FF-4C9A255CC770}.Release|Any CPU.ActiveCfg = Release|Any CPU
		{DB28C6E6-50C1-423D-B2FF-4C9A255CC770}.Release|Any CPU.Build.0 = Release|Any CPU
		{65E8AC5C-4F4D-4E2E-A159-AF03C6BE3C6B}.Debug|Any CPU.ActiveCfg = Debug|Any CPU
		{65E8AC5C-4F4D-4E2E-A159-AF03C6BE3C6B}.Debug|Any CPU.Build.0 = Debug|Any CPU
		{65E8AC5C-4F4D-4E2E-A159-AF03C6BE3C6B}.Release|Any CPU.ActiveCfg = Release|Any CPU
		{65E8AC5C-4F4D-4E2E-A159-AF03C6BE3C6B}.Release|Any CPU.Build.0 = Release|Any CPU
		{7B3BA3B9-861F-4F78-BAEB-988C55607C77}.Debug|Any CPU.ActiveCfg = Debug|Any CPU
		{7B3BA3B9-861F-4F78-BAEB-988C55607C77}.Debug|Any CPU.Build.0 = Debug|Any CPU
		{7B3BA3B9-861F-4F78-BAEB-988C55607C77}.Release|Any CPU.ActiveCfg = Release|Any CPU
		{7B3BA3B9-861F-4F78-BAEB-988C55607C77}.Release|Any CPU.Build.0 = Release|Any CPU
		{9B506801-7D25-4D6D-B192-8899B1322085}.Debug|Any CPU.ActiveCfg = Debug|Any CPU
		{9B506801-7D25-4D6D-B192-8899B1322085}.Debug|Any CPU.Build.0 = Debug|Any CPU
		{9B506801-7D25-4D6D-B192-8899B1322085}.Release|Any CPU.ActiveCfg = Release|Any CPU
		{9B506801-7D25-4D6D-B192-8899B1322085}.Release|Any CPU.Build.0 = Release|Any CPU
	EndGlobalSection
	GlobalSection(SolutionProperties) = preSolution
		HideSolutionNode = FALSE
	EndGlobalSection
	GlobalSection(ExtensibilityGlobals) = postSolution
		SolutionGuid = {01E5FCE7-54AC-4610-9AA4-55D76C2A5DF6}
	EndGlobalSection
EndGlobal
